// !$*UTF8*$!
{
	archiveVersion = 1;
	classes = {
	};
	objectVersion = 46;
	objects = {

/* Begin PBXBuildFile section */
		86F2DECB1DEE44C200AACD03 /* AppDelegate.swift in Sources */ = {isa = PBXBuildFile; fileRef = 86F2DECA1DEE44C200AACD03 /* AppDelegate.swift */; };
		86F2DECD1DEE44C200AACD03 /* ViewController.swift in Sources */ = {isa = PBXBuildFile; fileRef = 86F2DECC1DEE44C200AACD03 /* ViewController.swift */; };
		86F2DED01DEE44C200AACD03 /* Main.storyboard in Resources */ = {isa = PBXBuildFile; fileRef = 86F2DECE1DEE44C200AACD03 /* Main.storyboard */; };
		86F2DED21DEE44C200AACD03 /* Assets.xcassets in Resources */ = {isa = PBXBuildFile; fileRef = 86F2DED11DEE44C200AACD03 /* Assets.xcassets */; };
		86F2DED51DEE44C200AACD03 /* LaunchScreen.storyboard in Resources */ = {isa = PBXBuildFile; fileRef = 86F2DED31DEE44C200AACD03 /* LaunchScreen.storyboard */; };
/* End PBXBuildFile section */

/* Begin PBXFileReference section */
		86F2DEC71DEE44C100AACD03 /* Spinners and Alerts.app */ = {isa = PBXFileReference; explicitFileType = wrapper.application; includeInIndex = 0; path = "Spinners and Alerts.app"; sourceTree = BUILT_PRODUCTS_DIR; };
		86F2DECA1DEE44C200AACD03 /* AppDelegate.swift */ = {isa = PBXFileReference; lastKnownFileType = sourcecode.swift; path = AppDelegate.swift; sourceTree = "<group>"; };
		86F2DECC1DEE44C200AACD03 /* ViewController.swift */ = {isa = PBXFileReference; lastKnownFileType = sourcecode.swift; path = ViewController.swift; sourceTree = "<group>"; };
		86F2DECF1DEE44C200AACD03 /* Base */ = {isa = PBXFileReference; lastKnownFileType = file.storyboard; name = Base; path = Base.lproj/Main.storyboard; sourceTree = "<group>"; };
		86F2DED11DEE44C200AACD03 /* Assets.xcassets */ = {isa = PBXFileReference; lastKnownFileType = folder.assetcatalog; path = Assets.xcassets; sourceTree = "<group>"; };
		86F2DED41DEE44C200AACD03 /* Base */ = {isa = PBXFileReference; lastKnownFileType = file.storyboard; name = Base; path = Base.lproj/LaunchScreen.storyboard; sourceTree = "<group>"; };
		86F2DED61DEE44C200AACD03 /* Info.plist */ = {isa = PBXFileReference; lastKnownFileType = text.plist.xml; path = Info.plist; sourceTree = "<group>"; };
/* End PBXFileReference section */

/* Begin PBXFrameworksBuildPhase section */
		86F2DEC41DEE44C100AACD03 /* Frameworks */ = {
			isa = PBXFrameworksBuildPhase;
			buildActionMask = 2147483647;
			files = (
			);
			runOnlyForDeploymentPostprocessing = 0;
		};
/* End PBXFrameworksBuildPhase section */

/* Begin PBXGroup section */
		86F2DEBE1DEE44C100AACD03 = {
			isa = PBXGroup;
			children = (
				86F2DEC91DEE44C200AACD03 /* Spinners and Alerts */,
				86F2DEC81DEE44C200AACD03 /* Products */,
			);
			sourceTree = "<group>";
		};
		86F2DEC81DEE44C200AACD03 /* Products */ = {
			isa = PBXGroup;
			children = (
				86F2DEC71DEE44C100AACD03 /* Spinners and Alerts.app */,
			);
			name = Products;
			sourceTree = "<group>";
		};
		86F2DEC91DEE44C200AACD03 /* Spinners and Alerts */ = {
			isa = PBXGroup;
			children = (
				86F2DECA1DEE44C200AACD03 /* AppDelegate.swift */,
				86F2DECC1DEE44C200AACD03 /* ViewController.swift */,
				86F2DECE1DEE44C200AACD03 /* Main.storyboard */,
				86F2DED11DEE44C200AACD03 /* Assets.xcassets */,
				86F2DED31DEE44C200AACD03 /* LaunchScreen.storyboard */,
				86F2DED61DEE44C200AACD03 /* Info.plist */,
			);
			path = "Spinners and Alerts";
			sourceTree = "<group>";
		};
/* End PBXGroup section */

/* Begin PBXNativeTarget section */
		86F2DEC61DEE44C100AACD03 /* Spinners and Alerts */ = {
			isa = PBXNativeTarget;
			buildConfigurationList = 86F2DED91DEE44C200AACD03 /* Build configuration list for PBXNativeTarget "Spinners and Alerts" */;
			buildPhases = (
				86F2DEC31DEE44C100AACD03 /* Sources */,
				86F2DEC41DEE44C100AACD03 /* Frameworks */,
				86F2DEC51DEE44C100AACD03 /* Resources */,
			);
			buildRules = (
			);
			dependencies = (
			);
			name = "Spinners and Alerts";
			productName = "Spinners and Alerts";
			productReference = 86F2DEC71DEE44C100AACD03 /* Spinners and Alerts.app */;
			productType = "com.apple.product-type.application";
		};
/* End PBXNativeTarget section */

/* Begin PBXProject section */
		86F2DEBF1DEE44C100AACD03 /* Project object */ = {
			isa = PBXProject;
			attributes = {
				LastSwiftUpdateCheck = 0800;
				LastUpgradeCheck = 0800;
				ORGANIZATIONNAME = "Vladislav Fedotovskiy";
				TargetAttributes = {
					86F2DEC61DEE44C100AACD03 = {
						CreatedOnToolsVersion = 8.0;
						DevelopmentTeam = GJRV5642VJ;
						ProvisioningStyle = Automatic;
					};
				};
			};
			buildConfigurationList = 86F2DEC21DEE44C100AACD03 /* Build configuration list for PBXProject "Spinners and Alerts" */;
			compatibilityVersion = "Xcode 3.2";
			developmentRegion = English;
			hasScannedForEncodings = 0;
			knownRegions = (
				en,
				Base,
			);
			mainGroup = 86F2DEBE1DEE44C100AACD03;
			productRefGroup = 86F2DEC81DEE44C200AACD03 /* Products */;
			projectDirPath = "";
			projectRoot = "";
			targets = (
				86F2DEC61DEE44C100AACD03 /* Spinners and Alerts */,
			);
		};
/* End PBXProject section */

/* Begin PBXResourcesBuildPhase section */
		86F2DEC51DEE44C100AACD03 /* Resources */ = {
			isa = PBXResourcesBuildPhase;
			buildActionMask = 2147483647;
			files = (
				86F2DED51DEE44C200AACD03 /* LaunchScreen.storyboard in Resources */,
				86F2DED21DEE44C200AACD03 /* Assets.xcassets in Resources */,
				86F2DED01DEE44C200AACD03 /* Main.storyboard in Resources */,
			);
			runOnlyForDeploymentPostprocessing = 0;
		};
/* End PBXResourcesBuildPhase section */

/* Begin PBXSourcesBuildPhase section */
		86F2DEC31DEE44C100AACD03 /* Sources */ = {
			isa = PBXSourcesBuildPhase;
			buildActionMask = 2147483647;
			files = (
				86F2DECD1DEE44C200AACD03 /* ViewController.swift in Sources */,
				86F2DECB1DEE44C200AACD03 /* AppDelegate.swift in Sources */,
			);
			runOnlyForDeploymentPostprocessing = 0;
		};
/* End PBXSourcesBuildPhase section */

/* Begin PBXVariantGroup section */
		86F2DECE1DEE44C200AACD03 /* Main.storyboard */ = {
			isa = PBXVariantGroup;
			children = (
				86F2DECF1DEE44C200AACD03 /* Base */,
			);
			name = Main.storyboard;
			sourceTree = "<group>";
		};
		86F2DED31DEE44C200AACD03 /* LaunchScreen.storyboard */ = {
			isa = PBXVariantGroup;
			children = (
				86F2DED41DEE44C200AACD03 /* Base */,
			);
			name = LaunchScreen.storyboard;
			sourceTree = "<group>";
		};
/* End PBXVariantGroup section */

/* Begin XCBuildConfiguration section */
		86F2DED71DEE44C200AACD03 /* Debug */ = {
			isa = XCBuildConfiguration;
			buildSettings = {
				ALWAYS_SEARCH_USER_PATHS = NO;
				CLANG_ANALYZER_NONNULL = YES;
				CLANG_CXX_LANGUAGE_STANDARD = "gnu++0x";
				CLANG_CXX_LIBRARY = "libc++";
				CLANG_ENABLE_MODULES = YES;
				CLANG_ENABLE_OBJC_ARC = YES;
				CLANG_WARN_BOOL_CONVERSION = YES;
				CLANG_WARN_CONSTANT_CONVERSION = YES;
				CLANG_WARN_DIRECT_OBJC_ISA_USAGE = YES_ERROR;
				CLANG_WARN_DOCUMENTATION_COMMENTS = YES;
				CLANG_WARN_EMPTY_BODY = YES;
				CLANG_WARN_ENUM_CONVERSION = YES;
				CLANG_WARN_INFINITE_RECURSION = YES;
				CLANG_WARN_INT_CONVERSION = YES;
				CLANG_WARN_OBJC_ROOT_CLASS = YES_ERROR;
				CLANG_WARN_SUSPICIOUS_MOVES = YES;
				CLANG_WARN_UNREACHABLE_CODE = YES;
				CLANG_WARN__DUPLICATE_METHOD_MATCH = YES;
				"CODE_SIGN_IDENTITY[sdk=iphoneos*]" = "iPhone Developer";
				COPY_PHASE_STRIP = NO;
				DEBUG_INFORMATION_FORMAT = dwarf;
				ENABLE_STRICT_OBJC_MSGSEND = YES;
				ENABLE_TESTABILITY = YES;
				GCC_C_LANGUAGE_STANDARD = gnu99;
				GCC_DYNAMIC_NO_PIC = NO;
				GCC_NO_COMMON_BLOCKS = YES;
				GCC_OPTIMIZATION_LEVEL = 0;
				GCC_PREPROCESSOR_DEFINITIONS = (
					"DEBUG=1",
					"$(inherited)",
				);
				GCC_WARN_64_TO_32_BIT_CONVERSION = YES;
				GCC_WARN_ABOUT_RETURN_TYPE = YES_ERROR;
				GCC_WARN_UNDECLARED_SELECTOR = YES;
				GCC_WARN_UNINITIALIZED_AUTOS = YES_AGGRESSIVE;
				GCC_WARN_UNUSED_FUNCTION = YES;
				GCC_WARN_UNUSED_VARIABLE = YES;
				IPHONEOS_DEPLOYMENT_TARGET = 10.0;
				MTL_ENABLE_DEBUG_INFO = YES;
				ONLY_ACTIVE_ARCH = YES;
				SDKROOT = iphoneos;
				SWIFT_ACTIVE_COMPILATION_CONDITIONS = DEBUG;
				SWIFT_OPTIMIZATION_LEVEL = "-Onone";
			};
			name = Debug;
		};
		86F2DED81DEE44C200AACD03 /* Release */ = {
			isa = XCBuildConfiguration;
			buildSettings = {
				ALWAYS_SEARCH_USER_PATHS = NO;
				CLANG_ANALYZER_NONNULL = YES;
				CLANG_CXX_LANGUAGE_STANDARD = "gnu++0x";
				CLANG_CXX_LIBRARY = "libc++";
				CLANG_ENABLE_MODULES = YES;
				CLANG_ENABLE_OBJC_ARC = YES;
				CLANG_WARN_BOOL_CONVERSION = YES;
				CLANG_WARN_CONSTANT_CONVERSION = YES;
				CLANG_WARN_DIRECT_OBJC_ISA_USAGE = YES_ERROR;
				CLANG_WARN_DOCUMENTATION_COMMENTS = YES;
				CLANG_WARN_EMPTY_BODY = YES;
				CLANG_WARN_ENUM_CONVERSION = YES;
				CLANG_WARN_INFINITE_RECURSION = YES;
				CLANG_WARN_INT_CONVERSION = YES;
				CLANG_WARN_OBJC_ROOT_CLASS = YES_ERROR;
				CLANG_WARN_SUSPICIOUS_MOVES = YES;
				CLANG_WARN_UNREACHABLE_CODE = YES;
				CLANG_WARN__DUPLICATE_METHOD_MATCH = YES;
				"CODE_SIGN_IDENTITY[sdk=iphoneos*]" = "iPhone Developer";
				COPY_PHASE_STRIP = NO;
				DEBUG_INFORMATION_FORMAT = "dwarf-with-dsym";
				ENABLE_NS_ASSERTIONS = NO;
				ENABLE_STRICT_OBJC_MSGSEND = YES;
				GCC_C_LANGUAGE_STANDARD = gnu99;
				GCC_NO_COMMON_BLOCKS = YES;
				GCC_WARN_64_TO_32_BIT_CONVERSION = YES;
				GCC_WARN_ABOUT_RETURN_TYPE = YES_ERROR;
				GCC_WARN_UNDECLARED_SELECTOR = YES;
				GCC_WARN_UNINITIALIZED_AUTOS = YES_AGGRESSIVE;
				GCC_WARN_UNUSED_FUNCTION = YES;
				GCC_WARN_UNUSED_VARIABLE = YES;
				IPHONEOS_DEPLOYMENT_TARGET = 10.0;
				MTL_ENABLE_DEBUG_INFO = NO;
				SDKROOT = iphoneos;
				SWIFT_OPTIMIZATION_LEVEL = "-Owholemodule";
				VALIDATE_PRODUCT = YES;
			};
			name = Release;
		};
		86F2DEDA1DEE44C200AACD03 /* Debug */ = {
			isa = XCBuildConfiguration;
			buildSettings = {
				ASSETCATALOG_COMPILER_APPICON_NAME = AppIcon;
				DEVELOPMENT_TEAM = GJRV5642VJ;
				INFOPLIST_FILE = "Spinners and Alerts/Info.plist";
				LD_RUNPATH_SEARCH_PATHS = "$(inherited) @executable_path/Frameworks";
				PRODUCT_BUNDLE_IDENTIFIER = "neon.Spinners-and-Alerts";
				PRODUCT_NAME = "$(TARGET_NAME)";
				SWIFT_VERSION = 3.0;
			};
			name = Debug;
		};
		86F2DEDB1DEE44C200AACD03 /* Release */ = {
			isa = XCBuildConfiguration;
			buildSettings = {
				ASSETCATALOG_COMPILER_APPICON_NAME = AppIcon;
				DEVELOPMENT_TEAM = GJRV5642VJ;
				INFOPLIST_FILE = "Spinners and Alerts/Info.plist";
				LD_RUNPATH_SEARCH_PATHS = "$(inherited) @executable_path/Frameworks";
				PRODUCT_BUNDLE_IDENTIFIER = "neon.Spinners-and-Alerts";
				PRODUCT_NAME = "$(TARGET_NAME)";
				SWIFT_VERSION = 3.0;
			};
			name = Release;
		};
/* End XCBuildConfiguration section */

/* Begin XCConfigurationList section */
		86F2DEC21DEE44C100AACD03 /* Build configuration list for PBXProject "Spinners and Alerts" */ = {
			isa = XCConfigurationList;
			buildConfigurations = (
				86F2DED71DEE44C200AACD03 /* Debug */,
				86F2DED81DEE44C200AACD03 /* Release */,
			);
			defaultConfigurationIsVisible = 0;
			defaultConfigurationName = Release;
		};
		86F2DED91DEE44C200AACD03 /* Build configuration list for PBXNativeTarget "Spinners and Alerts" */ = {
			isa = XCConfigurationList;
			buildConfigurations = (
				86F2DEDA1DEE44C200AACD03 /* Debug */,
				86F2DEDB1DEE44C200AACD03 /* Release */,
			);
			defaultConfigurationIsVisible = 0;
		};
/* End XCConfigurationList section */
	};
	rootObject = 86F2DEBF1DEE44C100AACD03 /* Project object */;
}
